
Microsoft Visual Studio Solution File, Format Version 12.00
# Visual Studio Version 17
VisualStudioVersion = 17.4.33213.308
MinimumVisualStudioVersion = 10.0.40219.1
Project("{9A19103F-16F7-4668-BE54-9A1E7A4F7556}") = "RabbitMQ_Studies.Consumer", "RabbitMQ_Studies.Consumer\RabbitMQ_Studies.Consumer.csproj", "{FCF925A1-CC72-44F0-A74D-6DC655AF79F7}"
EndProject
Project("{9A19103F-16F7-4668-BE54-9A1E7A4F7556}") = "RabbitMQ_Studies.Publisher", "RabbitMQ_Studies.Publisher\RabbitMQ_Studies.Publisher.csproj", "{863336C4-2429-4271-9190-2230CBC96DC3}"
EndProject
Project("{9A19103F-16F7-4668-BE54-9A1E7A4F7556}") = "RabbitMQ.DirectExchange.Publisher", "RabbitMQ.DirectExchange.Publisher\RabbitMQ.DirectExchange.Publisher.csproj", "{5F368252-F458-4A56-9BAF-07AC31B4DF39}"
EndProject
Project("{9A19103F-16F7-4668-BE54-9A1E7A4F7556}") = "RabbitMQ.DirectExchange.Consumer", "RabbitMQ.DirectExchange.Consumer\RabbitMQ.DirectExchange.Consumer.csproj", "{086FF595-D98A-45E9-BC76-10FEE3DF73FA}"
EndProject
Project("{FAE04EC0-301F-11D3-BF4B-00C04F79EFBC}") = "RabbitMQ_FanoutExchange.Publisher", "RabbitMQ_FanoutExchange.Publisher\RabbitMQ_FanoutExchange.Publisher.csproj", "{ED019BDF-E578-45FA-8535-E8815B8091E5}"
EndProject
Project("{FAE04EC0-301F-11D3-BF4B-00C04F79EFBC}") = "RabbitMQ.FanoutExchange.Consumer", "RabbitMQ.FanoutExchange.Consumer\RabbitMQ.FanoutExchange.Consumer.csproj", "{48A03515-0479-452D-BC2C-AFA748BE95CC}"
EndProject
Global
	GlobalSection(SolutionConfigurationPlatforms) = preSolution
		Debug|Any CPU = Debug|Any CPU
		Release|Any CPU = Release|Any CPU
	EndGlobalSection
	GlobalSection(ProjectConfigurationPlatforms) = postSolution
		{FCF925A1-CC72-44F0-A74D-6DC655AF79F7}.Debug|Any CPU.ActiveCfg = Debug|Any CPU
		{FCF925A1-CC72-44F0-A74D-6DC655AF79F7}.Debug|Any CPU.Build.0 = Debug|Any CPU
		{FCF925A1-CC72-44F0-A74D-6DC655AF79F7}.Release|Any CPU.ActiveCfg = Release|Any CPU
		{FCF925A1-CC72-44F0-A74D-6DC655AF79F7}.Release|Any CPU.Build.0 = Release|Any CPU
		{863336C4-2429-4271-9190-2230CBC96DC3}.Debug|Any CPU.ActiveCfg = Debug|Any CPU
		{863336C4-2429-4271-9190-2230CBC96DC3}.Debug|Any CPU.Build.0 = Debug|Any CPU
		{863336C4-2429-4271-9190-2230CBC96DC3}.Release|Any CPU.ActiveCfg = Release|Any CPU
		{863336C4-2429-4271-9190-2230CBC96DC3}.Release|Any CPU.Build.0 = Release|Any CPU
		{5F368252-F458-4A56-9BAF-07AC31B4DF39}.Debug|Any CPU.ActiveCfg = Debug|Any CPU
		{5F368252-F458-4A56-9BAF-07AC31B4DF39}.Debug|Any CPU.Build.0 = Debug|Any CPU
		{5F368252-F458-4A56-9BAF-07AC31B4DF39}.Release|Any CPU.ActiveCfg = Release|Any CPU
		{5F368252-F458-4A56-9BAF-07AC31B4DF39}.Release|Any CPU.Build.0 = Release|Any CPU
		{086FF595-D98A-45E9-BC76-10FEE3DF73FA}.Debug|Any CPU.ActiveCfg = Debug|Any CPU
		{086FF595-D98A-45E9-BC76-10FEE3DF73FA}.Debug|Any CPU.Build.0 = Debug|Any CPU
		{086FF595-D98A-45E9-BC76-10FEE3DF73FA}.Release|Any CPU.ActiveCfg = Release|Any CPU
		{086FF595-D98A-45E9-BC76-10FEE3DF73FA}.Release|Any CPU.Build.0 = Release|Any CPU
		{ED019BDF-E578-45FA-8535-E8815B8091E5}.Debug|Any CPU.ActiveCfg = Debug|Any CPU
		{ED019BDF-E578-45FA-8535-E8815B8091E5}.Debug|Any CPU.Build.0 = Debug|Any CPU
		{ED019BDF-E578-45FA-8535-E8815B8091E5}.Release|Any CPU.ActiveCfg = Release|Any CPU
		{ED019BDF-E578-45FA-8535-E8815B8091E5}.Release|Any CPU.Build.0 = Release|Any CPU
		{48A03515-0479-452D-BC2C-AFA748BE95CC}.Debug|Any CPU.ActiveCfg = Debug|Any CPU
		{48A03515-0479-452D-BC2C-AFA748BE95CC}.Debug|Any CPU.Build.0 = Debug|Any CPU
		{48A03515-0479-452D-BC2C-AFA748BE95CC}.Release|Any CPU.ActiveCfg = Release|Any CPU
		{48A03515-0479-452D-BC2C-AFA748BE95CC}.Release|Any CPU.Build.0 = Release|Any CPU
	EndGlobalSection
	GlobalSection(SolutionProperties) = preSolution
		HideSolutionNode = FALSE
	EndGlobalSection
	GlobalSection(ExtensibilityGlobals) = postSolution
		SolutionGuid = {D0E4E14C-7735-4A14-A620-FAFA506CFC4D}
	EndGlobalSection
EndGlobal
