
Microsoft Visual Studio Solution File, Format Version 12.00
# Visual Studio Version 17
VisualStudioVersion = 17.4.33213.308
MinimumVisualStudioVersion = 10.0.40219.1
Project("{9A19103F-16F7-4668-BE54-9A1E7A4F7556}") = "RabbitMQ_Studies.Consumer", "RabbitMQ_Studies.Consumer\RabbitMQ_Studies.Consumer.csproj", "{FCF925A1-CC72-44F0-A74D-6DC655AF79F7}"
EndProject
Project("{9A19103F-16F7-4668-BE54-9A1E7A4F7556}") = "RabbitMQ_Studies.Publisher", "RabbitMQ_Studies.Publisher\RabbitMQ_Studies.Publisher.csproj", "{863336C4-2429-4271-9190-2230CBC96DC3}"
EndProject
Project("{9A19103F-16F7-4668-BE54-9A1E7A4F7556}") = "RabbitMQ.DirectExchange.Publisher", "RabbitMQ.DirectExchange.Publisher\RabbitMQ.DirectExchange.Publisher.csproj", "{5F368252-F458-4A56-9BAF-07AC31B4DF39}"
EndProject
Project("{9A19103F-16F7-4668-BE54-9A1E7A4F7556}") = "RabbitMQ.DirectExchange.Consumer", "RabbitMQ.DirectExchange.Consumer\RabbitMQ.DirectExchange.Consumer.csproj", "{086FF595-D98A-45E9-BC76-10FEE3DF73FA}"
EndProject
Project("{9A19103F-16F7-4668-BE54-9A1E7A4F7556}") = "RabbitMQ_FanoutExchange.Publisher", "RabbitMQ_FanoutExchange.Publisher\RabbitMQ_FanoutExchange.Publisher.csproj", "{ED019BDF-E578-45FA-8535-E8815B8091E5}"
EndProject
Project("{9A19103F-16F7-4668-BE54-9A1E7A4F7556}") = "RabbitMQ.FanoutExchange.Consumer", "RabbitMQ.FanoutExchange.Consumer\RabbitMQ.FanoutExchange.Consumer.csproj", "{48A03515-0479-452D-BC2C-AFA748BE95CC}"
EndProject
Project("{9A19103F-16F7-4668-BE54-9A1E7A4F7556}") = "RabbitMQ.TopicExchange.Publisher", "RabbitMQ.TopicExchange.Publisher\RabbitMQ.TopicExchange.Publisher.csproj", "{3B1EED2C-5A5D-4C39-8B42-751927229483}"
EndProject
Project("{9A19103F-16F7-4668-BE54-9A1E7A4F7556}") = "RabbitMQ.TopicExchange.Consumer", "RabbitMQ.TopicExchange.Consumer\RabbitMQ.TopicExchange.Consumer.csproj", "{8559EE48-4DBD-4096-855C-5928FE442B6D}"
EndProject
Project("{9A19103F-16F7-4668-BE54-9A1E7A4F7556}") = "RabbitMQ.HeaderExchange.Publisher", "RabbitMQ.HeaderExchange.Publisher\RabbitMQ.HeaderExchange.Publisher.csproj", "{F73656AD-79D6-427A-8B45-E38D05E87700}"
EndProject
Project("{9A19103F-16F7-4668-BE54-9A1E7A4F7556}") = "RabbitMQ.HeaderExchange.Consumer", "RabbitMQ.HeaderExchange.Consumer\RabbitMQ.HeaderExchange.Consumer.csproj", "{B77BF1F6-F67A-45B7-A561-B3187B966703}"
EndProject
Project("{2150E333-8FDC-42A3-9474-1A3956D46DE8}") = "RabbitMQDesigns", "RabbitMQDesigns", "{A84F7680-B80A-471F-838E-1061F76CD443}"
EndProject
Project("{FAE04EC0-301F-11D3-BF4B-00C04F79EFBC}") = "RabbitMQDesigns.Templates.Publisher", "RabbitMQDesigns\RabbitMQDesigns.Templates.Publisher\RabbitMQDesigns.Templates.Publisher.csproj", "{83D845E4-D404-4A21-B8A0-0C53B4A737F6}"
EndProject
Project("{FAE04EC0-301F-11D3-BF4B-00C04F79EFBC}") = "RabbitMQDesigns.Templates.Consumer", "RabbitMQDesigns\RabbitMQDesigns.Templates.Consumer\RabbitMQDesigns.Templates.Consumer.csproj", "{05616B20-F070-46B3-BA73-2B4D83E325AC}"
EndProject
Global
	GlobalSection(SolutionConfigurationPlatforms) = preSolution
		Debug|Any CPU = Debug|Any CPU
		Release|Any CPU = Release|Any CPU
	EndGlobalSection
	GlobalSection(ProjectConfigurationPlatforms) = postSolution
		{FCF925A1-CC72-44F0-A74D-6DC655AF79F7}.Debug|Any CPU.ActiveCfg = Debug|Any CPU
		{FCF925A1-CC72-44F0-A74D-6DC655AF79F7}.Debug|Any CPU.Build.0 = Debug|Any CPU
		{FCF925A1-CC72-44F0-A74D-6DC655AF79F7}.Release|Any CPU.ActiveCfg = Release|Any CPU
		{FCF925A1-CC72-44F0-A74D-6DC655AF79F7}.Release|Any CPU.Build.0 = Release|Any CPU
		{863336C4-2429-4271-9190-2230CBC96DC3}.Debug|Any CPU.ActiveCfg = Debug|Any CPU
		{863336C4-2429-4271-9190-2230CBC96DC3}.Debug|Any CPU.Build.0 = Debug|Any CPU
		{863336C4-2429-4271-9190-2230CBC96DC3}.Release|Any CPU.ActiveCfg = Release|Any CPU
		{863336C4-2429-4271-9190-2230CBC96DC3}.Release|Any CPU.Build.0 = Release|Any CPU
		{5F368252-F458-4A56-9BAF-07AC31B4DF39}.Debug|Any CPU.ActiveCfg = Debug|Any CPU
		{5F368252-F458-4A56-9BAF-07AC31B4DF39}.Debug|Any CPU.Build.0 = Debug|Any CPU
		{5F368252-F458-4A56-9BAF-07AC31B4DF39}.Release|Any CPU.ActiveCfg = Release|Any CPU
		{5F368252-F458-4A56-9BAF-07AC31B4DF39}.Release|Any CPU.Build.0 = Release|Any CPU
		{086FF595-D98A-45E9-BC76-10FEE3DF73FA}.Debug|Any CPU.ActiveCfg = Debug|Any CPU
		{086FF595-D98A-45E9-BC76-10FEE3DF73FA}.Debug|Any CPU.Build.0 = Debug|Any CPU
		{086FF595-D98A-45E9-BC76-10FEE3DF73FA}.Release|Any CPU.ActiveCfg = Release|Any CPU
		{086FF595-D98A-45E9-BC76-10FEE3DF73FA}.Release|Any CPU.Build.0 = Release|Any CPU
		{ED019BDF-E578-45FA-8535-E8815B8091E5}.Debug|Any CPU.ActiveCfg = Debug|Any CPU
		{ED019BDF-E578-45FA-8535-E8815B8091E5}.Debug|Any CPU.Build.0 = Debug|Any CPU
		{ED019BDF-E578-45FA-8535-E8815B8091E5}.Release|Any CPU.ActiveCfg = Release|Any CPU
		{ED019BDF-E578-45FA-8535-E8815B8091E5}.Release|Any CPU.Build.0 = Release|Any CPU
		{48A03515-0479-452D-BC2C-AFA748BE95CC}.Debug|Any CPU.ActiveCfg = Debug|Any CPU
		{48A03515-0479-452D-BC2C-AFA748BE95CC}.Debug|Any CPU.Build.0 = Debug|Any CPU
		{48A03515-0479-452D-BC2C-AFA748BE95CC}.Release|Any CPU.ActiveCfg = Release|Any CPU
		{48A03515-0479-452D-BC2C-AFA748BE95CC}.Release|Any CPU.Build.0 = Release|Any CPU
		{3B1EED2C-5A5D-4C39-8B42-751927229483}.Debug|Any CPU.ActiveCfg = Debug|Any CPU
		{3B1EED2C-5A5D-4C39-8B42-751927229483}.Debug|Any CPU.Build.0 = Debug|Any CPU
		{3B1EED2C-5A5D-4C39-8B42-751927229483}.Release|Any CPU.ActiveCfg = Release|Any CPU
		{3B1EED2C-5A5D-4C39-8B42-751927229483}.Release|Any CPU.Build.0 = Release|Any CPU
		{8559EE48-4DBD-4096-855C-5928FE442B6D}.Debug|Any CPU.ActiveCfg = Debug|Any CPU
		{8559EE48-4DBD-4096-855C-5928FE442B6D}.Debug|Any CPU.Build.0 = Debug|Any CPU
		{8559EE48-4DBD-4096-855C-5928FE442B6D}.Release|Any CPU.ActiveCfg = Release|Any CPU
		{8559EE48-4DBD-4096-855C-5928FE442B6D}.Release|Any CPU.Build.0 = Release|Any CPU
		{F73656AD-79D6-427A-8B45-E38D05E87700}.Debug|Any CPU.ActiveCfg = Debug|Any CPU
		{F73656AD-79D6-427A-8B45-E38D05E87700}.Debug|Any CPU.Build.0 = Debug|Any CPU
		{F73656AD-79D6-427A-8B45-E38D05E87700}.Release|Any CPU.ActiveCfg = Release|Any CPU
		{F73656AD-79D6-427A-8B45-E38D05E87700}.Release|Any CPU.Build.0 = Release|Any CPU
		{B77BF1F6-F67A-45B7-A561-B3187B966703}.Debug|Any CPU.ActiveCfg = Debug|Any CPU
		{B77BF1F6-F67A-45B7-A561-B3187B966703}.Debug|Any CPU.Build.0 = Debug|Any CPU
		{B77BF1F6-F67A-45B7-A561-B3187B966703}.Release|Any CPU.ActiveCfg = Release|Any CPU
		{B77BF1F6-F67A-45B7-A561-B3187B966703}.Release|Any CPU.Build.0 = Release|Any CPU
		{83D845E4-D404-4A21-B8A0-0C53B4A737F6}.Debug|Any CPU.ActiveCfg = Debug|Any CPU
		{83D845E4-D404-4A21-B8A0-0C53B4A737F6}.Debug|Any CPU.Build.0 = Debug|Any CPU
		{83D845E4-D404-4A21-B8A0-0C53B4A737F6}.Release|Any CPU.ActiveCfg = Release|Any CPU
		{83D845E4-D404-4A21-B8A0-0C53B4A737F6}.Release|Any CPU.Build.0 = Release|Any CPU
		{05616B20-F070-46B3-BA73-2B4D83E325AC}.Debug|Any CPU.ActiveCfg = Debug|Any CPU
		{05616B20-F070-46B3-BA73-2B4D83E325AC}.Debug|Any CPU.Build.0 = Debug|Any CPU
		{05616B20-F070-46B3-BA73-2B4D83E325AC}.Release|Any CPU.ActiveCfg = Release|Any CPU
		{05616B20-F070-46B3-BA73-2B4D83E325AC}.Release|Any CPU.Build.0 = Release|Any CPU
	EndGlobalSection
	GlobalSection(SolutionProperties) = preSolution
		HideSolutionNode = FALSE
	EndGlobalSection
	GlobalSection(NestedProjects) = preSolution
		{83D845E4-D404-4A21-B8A0-0C53B4A737F6} = {A84F7680-B80A-471F-838E-1061F76CD443}
		{05616B20-F070-46B3-BA73-2B4D83E325AC} = {A84F7680-B80A-471F-838E-1061F76CD443}
	EndGlobalSection
	GlobalSection(ExtensibilityGlobals) = postSolution
		SolutionGuid = {D0E4E14C-7735-4A14-A620-FAFA506CFC4D}
	EndGlobalSection
EndGlobal
